
Microsoft Visual Studio Solution File, Format Version 12.00
# Visual Studio 15
VisualStudioVersion = 15.0.28307.1972
MinimumVisualStudioVersion = 10.0.40219.1
Project("{8BC9CEB8-8B4A-11D0-8D11-00A0C91BC942}") = "usbtest", "usbtest\usbtest.vcxproj", "{B8D027BD-0F63-4D85-997A-5CD5CE86540A}"
EndProject
Global
	GlobalSection(SolutionConfigurationPlatforms) = preSolution
		Debug|x64 = Debug|x64
		Debug|x86 = Debug|x86
		Release|x64 = Release|x64
		Release|x86 = Release|x86
	EndGlobalSection
	GlobalSection(ProjectConfigurationPlatforms) = postSolution
		{B8D027BD-0F63-4D85-997A-5CD5CE86540A}.Debug|x64.ActiveCfg = Debug|x64
		{B8D027BD-0F63-4D85-997A-5CD5CE86540A}.Debug|x64.Build.0 = Debug|x64
		{B8D027BD-0F63-4D85-997A-5CD5CE86540A}.Debug|x86.ActiveCfg = Debug|Win32
		{B8D027BD-0F63-4D85-997A-5CD5CE86540A}.Debug|x86.Build.0 = Debug|Win32
		{B8D027BD-0F63-4D85-997A-5CD5CE86540A}.Release|x64.ActiveCfg = Release|x64
		{B8D027BD-0F63-4D85-997A-5CD5CE86540A}.Release|x64.Build.0 = Release|x64
		{B8D027BD-0F63-4D85-997A-5CD5CE86540A}.Release|x86.ActiveCfg = Release|Win32
		{B8D027BD-0F63-4D85-997A-5CD5CE86540A}.Release|x86.Build.0 = Release|Win32
	EndGlobalSection
	GlobalSection(SolutionProperties) = preSolution
		HideSolutionNode = FALSE
	EndGlobalSection
	GlobalSection(ExtensibilityGlobals) = postSolution
		SolutionGuid = {B4081CFA-0D7A-4BF5-9FB8-E6D6B3E9EED2}
	EndGlobalSection
EndGlobal
